
Microsoft Visual Studio Solution File, Format Version 12.00
# Visual Studio Version 16
VisualStudioVersion = 16.0.28803.202
MinimumVisualStudioVersion = 10.0.40219.1
Project("{F184B08F-C81C-45F6-A57F-5ABD9991F28F}") = "Issue-List-Resize", "Issue-List-Resize.vbproj", "{B59EFF6F-BDB5-4B6A-952E-E2C0485BCF38}"
EndProject
Global
	GlobalSection(SolutionConfigurationPlatforms) = preSolution
		Debug|Any CPU = Debug|Any CPU
		Release|Any CPU = Release|Any CPU
	EndGlobalSection
	GlobalSection(ProjectConfigurationPlatforms) = postSolution
		{B59EFF6F-BDB5-4B6A-952E-E2C0485BCF38}.Debug|Any CPU.ActiveCfg = Debug|Any CPU
		{B59EFF6F-BDB5-4B6A-952E-E2C0485BCF38}.Debug|Any CPU.Build.0 = Debug|Any CPU
		{B59EFF6F-BDB5-4B6A-952E-E2C0485BCF38}.Release|Any CPU.ActiveCfg = Release|Any CPU
		{B59EFF6F-BDB5-4B6A-952E-E2C0485BCF38}.Release|Any CPU.Build.0 = Release|Any CPU
	EndGlobalSection
	GlobalSection(SolutionProperties) = preSolution
		HideSolutionNode = FALSE
	EndGlobalSection
	GlobalSection(ExtensibilityGlobals) = postSolution
		SolutionGuid = {13324134-36C8-4BF6-AC07-1AC07708A6AF}
	EndGlobalSection
EndGlobal
